<?xml version="1.0" encoding="utf-8"?>
<Project ToolsVersion="4.0" xmlns="http://schemas.microsoft.com/developer/msbuild/2003">
  <ItemGroup>
    <Filter Include="Source Files">
      <UniqueIdentifier>{4FC737F1-C7A5-4376-A066-2A32D752A2FF}</UniqueIdentifier>
      <Extensions>cpp;c;cc;cxx;def;odl;idl;hpj;bat;asm;asmx</Extensions>
    </Filter>
    <Filter Include="Header Files">
      <UniqueIdentifier>{93995380-89BD-4b04-88EB-625FBE52EBFB}</UniqueIdentifier>
      <Extensions>h;hh;hpp;hxx;hm;inl;inc;ipp;xsd</Extensions>
    </Filter>
    <Filter Include="Resource Files">
      <UniqueIdentifier>{67DA6AB6-F800-4c08-8B7A-83BB121AAD01}</UniqueIdentifier>
      <Extensions>rc;ico;cur;bmp;dlg;rc2;rct;bin;rgs;gif;jpg;jpeg;jpe;resx;tiff;tif;png;wav;mfcribbon-ms</Extensions>
    </Filter>
    <Filter Include="Source Files\Systems">
      <UniqueIdentifier>{d6599be9-58f2-468f-ab93-53b0a19ff9a8}</UniqueIdentifier>
    </Filter>
    <Filter Include="Source Files\Managers">
      <UniqueIdentifier>{da2e557c-25fa-4638-afdb-672d41df449f}</UniqueIdentifier>
    </Filter>
    <Filter Include="Header Files\Components">
      <UniqueIdentifier>{e0ba22cb-364a-4dc5-be00-cb6ca389bb87}</UniqueIdentifier>
    </Filter>
    <Filter Include="Header Files\Managers">
      <UniqueIdentifier>{65d03134-78ba-4a00-8760-d0e67254d8c0}</UniqueIdentifier>
    </Filter>
    <Filter Include="Header Files\Systems">
      <UniqueIdentifier>{55158d87-3a50-4d5a-9381-ee5f97c4902f}</UniqueIdentifier>
    </Filter>
    <Filter Include="Header Files\Helpers">
      <UniqueIdentifier>{54ebcc1f-a4ab-45c3-9df8-d49c5e66b86e}</UniqueIdentifier>
    </Filter>
    <Filter Include="Header Files\Prefabs">
      <UniqueIdentifier>{e766c9fc-4f32-4bda-8e15-fbc73da0d00a}</UniqueIdentifier>
    </Filter>
  </ItemGroup>
  <ItemGroup>
    <ClCompile Include="SourceCode\ECS SFML Platformer.cpp">
      <Filter>Source Files</Filter>
    </ClCompile>
    <ClCompile Include="SourceCode\Private\Systems\SInputSystem.cpp">
      <Filter>Source Files\Systems</Filter>
    </ClCompile>
    <ClCompile Include="SourceCode\Private\Systems\SRenderSystem.cpp">
      <Filter>Source Files\Systems</Filter>
    </ClCompile>
    <ClCompile Include="SourceCode\Private\Systems\SPhysicsSystem.cpp">
      <Filter>Source Files\Systems</Filter>
    </ClCompile>
    <ClCompile Include="SourceCode\Private\Managers\MSystemManager.cpp">
      <Filter>Source Files\Managers</Filter>
    </ClCompile>
  </ItemGroup>
  <ItemGroup>
    <ClInclude Include="SourceCode\Public\GlobalSettings.h">
      <Filter>Header Files</Filter>
    </ClInclude>
    <ClInclude Include="SourceCode\Public\WorldGravity.h">
      <Filter>Header Files</Filter>
    </ClInclude>
    <ClInclude Include="SourceCode\Public\Components\CCollisionComponent.h">
      <Filter>Header Files\Components</Filter>
    </ClInclude>
    <ClInclude Include="SourceCode\Public\Components\CInputComponent.h">
      <Filter>Header Files\Components</Filter>
    </ClInclude>
    <ClInclude Include="SourceCode\Public\Components\CShapeTypeComponent.h">
      <Filter>Header Files\Components</Filter>
    </ClInclude>
    <ClInclude Include="SourceCode\Public\Components\CTransformComponent.h">
      <Filter>Header Files\Components</Filter>
    </ClInclude>
    <ClInclude Include="SourceCode\Public\Managers\MSystemManager.h">
      <Filter>Header Files\Managers</Filter>
    </ClInclude>
    <ClInclude Include="SourceCode\Public\Systems\SRenderSystem.h">
      <Filter>Header Files\Systems</Filter>
    </ClInclude>
    <ClInclude Include="SourceCode\Public\Systems\SPhysicsSystem.h">
      <Filter>Header Files\Systems</Filter>
    </ClInclude>
    <ClInclude Include="SourceCode\Public\Systems\SInputSystem.h">
      <Filter>Header Files\Systems</Filter>
    </ClInclude>
    <ClInclude Include="SourceCode\Public\Helper\HGrid.h">
      <Filter>Header Files\Helpers</Filter>
    </ClInclude>
    <ClInclude Include="SourceCode\Public\Prefab\PF_BottomBox.h">
      <Filter>Header Files\Prefabs</Filter>
    </ClInclude>
    <ClInclude Include="SourceCode\Public\Prefab\PF_MovingRectangle.h">
      <Filter>Header Files\Prefabs</Filter>
    </ClInclude>
    <ClInclude Include="SourceCode\Public\Prefab\PF_TopBox.h">
      <Filter>Header Files\Prefabs</Filter>
    </ClInclude>
  </ItemGroup>
</Project>